
Microsoft Visual Studio Solution File, Format Version 12.00
# Visual Studio Version 17
VisualStudioVersion = 17.13.35919.96 d17.13
MinimumVisualStudioVersion = 10.0.40219.1
Project("{FAE04EC0-301F-11D3-BF4B-00C04F79EFBC}") = "LibraryManagementBackend", "..\LibraryManagementBackend\LibraryManagementBackend\LibraryManagementBackend.csproj", "{0C55891F-8C77-AE76-9795-0DEF90396D30}"
EndProject
Project("{FAE04EC0-301F-11D3-BF4B-00C04F79EFBC}") = "LibraryManagementFrontend", "..\LibraryManagementFrontend\LibraryManagementFrontend\LibraryManagementFrontend.csproj", "{977C8189-B767-5B9A-A2DF-88255F8EC280}"
EndProject
Global
	GlobalSection(SolutionConfigurationPlatforms) = preSolution
		Debug|Any CPU = Debug|Any CPU
		Release|Any CPU = Release|Any CPU
	EndGlobalSection
	GlobalSection(ProjectConfigurationPlatforms) = postSolution
		{0C55891F-8C77-AE76-9795-0DEF90396D30}.Debug|Any CPU.ActiveCfg = Debug|Any CPU
		{0C55891F-8C77-AE76-9795-0DEF90396D30}.Debug|Any CPU.Build.0 = Debug|Any CPU
		{0C55891F-8C77-AE76-9795-0DEF90396D30}.Release|Any CPU.ActiveCfg = Release|Any CPU
		{0C55891F-8C77-AE76-9795-0DEF90396D30}.Release|Any CPU.Build.0 = Release|Any CPU
		{977C8189-B767-5B9A-A2DF-88255F8EC280}.Debug|Any CPU.ActiveCfg = Debug|Any CPU
		{977C8189-B767-5B9A-A2DF-88255F8EC280}.Debug|Any CPU.Build.0 = Debug|Any CPU
		{977C8189-B767-5B9A-A2DF-88255F8EC280}.Release|Any CPU.ActiveCfg = Release|Any CPU
		{977C8189-B767-5B9A-A2DF-88255F8EC280}.Release|Any CPU.Build.0 = Release|Any CPU
	EndGlobalSection
	GlobalSection(SolutionProperties) = preSolution
		HideSolutionNode = FALSE
	EndGlobalSection
	GlobalSection(ExtensibilityGlobals) = postSolution
		SolutionGuid = {B4BAACFD-EFD7-4567-9BB4-E4649C42A759}
	EndGlobalSection
EndGlobal
