
Microsoft Visual Studio Solution File, Format Version 12.00
# Visual Studio Version 17
VisualStudioVersion = 17.13.35919.96 d17.13
MinimumVisualStudioVersion = 10.0.40219.1
Project("{FAE04EC0-301F-11D3-BF4B-00C04F79EFBC}") = "LibraryManagementBackend", "LibraryManagementBackend\LibraryManagementBackend.csproj", "{89689784-413D-4BD1-9910-5A6E6E6D2AAD}"
EndProject
Global
	GlobalSection(SolutionConfigurationPlatforms) = preSolution
		Debug|Any CPU = Debug|Any CPU
		Release|Any CPU = Release|Any CPU
	EndGlobalSection
	GlobalSection(ProjectConfigurationPlatforms) = postSolution
		{89689784-413D-4BD1-9910-5A6E6E6D2AAD}.Debug|Any CPU.ActiveCfg = Debug|Any CPU
		{89689784-413D-4BD1-9910-5A6E6E6D2AAD}.Debug|Any CPU.Build.0 = Debug|Any CPU
		{89689784-413D-4BD1-9910-5A6E6E6D2AAD}.Release|Any CPU.ActiveCfg = Release|Any CPU
		{89689784-413D-4BD1-9910-5A6E6E6D2AAD}.Release|Any CPU.Build.0 = Release|Any CPU
	EndGlobalSection
	GlobalSection(SolutionProperties) = preSolution
		HideSolutionNode = FALSE
	EndGlobalSection
	GlobalSection(ExtensibilityGlobals) = postSolution
		SolutionGuid = {E2677DD7-A87E-4EAE-B7BD-4E008AFDE2A5}
	EndGlobalSection
EndGlobal
